// !$*UTF8*$!
{
	archiveVersion = 1;
	classes = {
	};
	objectVersion = 48;
	objects = {

/* Begin PBXBuildFile section */
		2A55DEFB20244F0400B7E4E8 /* AppDelegate.swift in Sources */ = {isa = PBXBuildFile; fileRef = 2A55DEFA20244F0400B7E4E8 /* AppDelegate.swift */; };
		2A55DEFD20244F0400B7E4E8 /* MainViewController.swift in Sources */ = {isa = PBXBuildFile; fileRef = 2A55DEFC20244F0400B7E4E8 /* MainViewController.swift */; };
		2A55DF0020244F0400B7E4E8 /* Main.storyboard in Resources */ = {isa = PBXBuildFile; fileRef = 2A55DEFE20244F0400B7E4E8 /* Main.storyboard */; };
		2A55DF0320244F0400B7E4E8 /* scantest.xcdatamodeld in Sources */ = {isa = PBXBuildFile; fileRef = 2A55DF0120244F0400B7E4E8 /* scantest.xcdatamodeld */; };
		2A55DF0520244F0400B7E4E8 /* Assets.xcassets in Resources */ = {isa = PBXBuildFile; fileRef = 2A55DF0420244F0400B7E4E8 /* Assets.xcassets */; };
		2A55DF0820244F0400B7E4E8 /* LaunchScreen.storyboard in Resources */ = {isa = PBXBuildFile; fileRef = 2A55DF0620244F0400B7E4E8 /* LaunchScreen.storyboard */; };
		51A3C8992934D7E6EF1A96F8 /* Pods_scantest.framework in Frameworks */ = {isa = PBXBuildFile; fileRef = 8D495C1CDA7F28AB59D82BA4 /* Pods_scantest.framework */; };
/* End PBXBuildFile section */

/* Begin PBXFileReference section */
		2A55DEF720244F0400B7E4E8 /* scantest.app */ = {isa = PBXFileReference; explicitFileType = wrapper.application; includeInIndex = 0; path = scantest.app; sourceTree = BUILT_PRODUCTS_DIR; };
		2A55DEFA20244F0400B7E4E8 /* AppDelegate.swift */ = {isa = PBXFileReference; lastKnownFileType = sourcecode.swift; path = AppDelegate.swift; sourceTree = "<group>"; };
		2A55DEFC20244F0400B7E4E8 /* MainViewController.swift */ = {isa = PBXFileReference; lastKnownFileType = sourcecode.swift; path = MainViewController.swift; sourceTree = "<group>"; };
		2A55DEFF20244F0400B7E4E8 /* Base */ = {isa = PBXFileReference; lastKnownFileType = file.storyboard; name = Base; path = Base.lproj/Main.storyboard; sourceTree = "<group>"; };
		2A55DF0220244F0400B7E4E8 /* scantest.xcdatamodel */ = {isa = PBXFileReference; lastKnownFileType = wrapper.xcdatamodel; path = scantest.xcdatamodel; sourceTree = "<group>"; };
		2A55DF0420244F0400B7E4E8 /* Assets.xcassets */ = {isa = PBXFileReference; lastKnownFileType = folder.assetcatalog; path = Assets.xcassets; sourceTree = "<group>"; };
		2A55DF0720244F0400B7E4E8 /* Base */ = {isa = PBXFileReference; lastKnownFileType = file.storyboard; name = Base; path = Base.lproj/LaunchScreen.storyboard; sourceTree = "<group>"; };
		2A55DF0920244F0400B7E4E8 /* Info.plist */ = {isa = PBXFileReference; lastKnownFileType = text.plist.xml; path = Info.plist; sourceTree = "<group>"; };
		54967D7B28572EB3DDDACD68 /* Pods-scantest.debug.xcconfig */ = {isa = PBXFileReference; includeInIndex = 1; lastKnownFileType = text.xcconfig; name = "Pods-scantest.debug.xcconfig"; path = "Pods/Target Support Files/Pods-scantest/Pods-scantest.debug.xcconfig"; sourceTree = "<group>"; };
		8D495C1CDA7F28AB59D82BA4 /* Pods_scantest.framework */ = {isa = PBXFileReference; explicitFileType = wrapper.framework; includeInIndex = 0; path = Pods_scantest.framework; sourceTree = BUILT_PRODUCTS_DIR; };
		C4345E63922963DDD0AEDFA8 /* Pods-scantest.release.xcconfig */ = {isa = PBXFileReference; includeInIndex = 1; lastKnownFileType = text.xcconfig; name = "Pods-scantest.release.xcconfig"; path = "Pods/Target Support Files/Pods-scantest/Pods-scantest.release.xcconfig"; sourceTree = "<group>"; };
/* End PBXFileReference section */

/* Begin PBXFrameworksBuildPhase section */
		2A55DEF420244F0400B7E4E8 /* Frameworks */ = {
			isa = PBXFrameworksBuildPhase;
			buildActionMask = 2147483647;
			files = (
				51A3C8992934D7E6EF1A96F8 /* Pods_scantest.framework in Frameworks */,
			);
			runOnlyForDeploymentPostprocessing = 0;
		};
/* End PBXFrameworksBuildPhase section */

/* Begin PBXGroup section */
		0BC5ECC3A12C18A93CEF56FF /* Pods */ = {
			isa = PBXGroup;
			children = (
				54967D7B28572EB3DDDACD68 /* Pods-scantest.debug.xcconfig */,
				C4345E63922963DDD0AEDFA8 /* Pods-scantest.release.xcconfig */,
			);
			name = Pods;
			sourceTree = "<group>";
		};
		2A55DEEE20244F0300B7E4E8 = {
			isa = PBXGroup;
			children = (
				2A55DEF920244F0400B7E4E8 /* scantest */,
				2A55DEF820244F0400B7E4E8 /* Products */,
				0BC5ECC3A12C18A93CEF56FF /* Pods */,
				71719D2EBEE61A188C9068C8 /* Frameworks */,
			);
			sourceTree = "<group>";
		};
		2A55DEF820244F0400B7E4E8 /* Products */ = {
			isa = PBXGroup;
			children = (
				2A55DEF720244F0400B7E4E8 /* scantest.app */,
			);
			name = Products;
			sourceTree = "<group>";
		};
		2A55DEF920244F0400B7E4E8 /* scantest */ = {
			isa = PBXGroup;
			children = (
				2A55DEFA20244F0400B7E4E8 /* AppDelegate.swift */,
				2A55DEFC20244F0400B7E4E8 /* MainViewController.swift */,
				2A55DEFE20244F0400B7E4E8 /* Main.storyboard */,
				2A55DF0420244F0400B7E4E8 /* Assets.xcassets */,
				2A55DF0620244F0400B7E4E8 /* LaunchScreen.storyboard */,
				2A55DF0920244F0400B7E4E8 /* Info.plist */,
				2A55DF0120244F0400B7E4E8 /* scantest.xcdatamodeld */,
			);
			path = scantest;
			sourceTree = "<group>";
		};
		71719D2EBEE61A188C9068C8 /* Frameworks */ = {
			isa = PBXGroup;
			children = (
				8D495C1CDA7F28AB59D82BA4 /* Pods_scantest.framework */,
			);
			name = Frameworks;
			sourceTree = "<group>";
		};
/* End PBXGroup section */

/* Begin PBXNativeTarget section */
		2A55DEF620244F0400B7E4E8 /* scantest */ = {
			isa = PBXNativeTarget;
			buildConfigurationList = 2A55DF0C20244F0400B7E4E8 /* Build configuration list for PBXNativeTarget "scantest" */;
			buildPhases = (
				EBA567DB9E385310ED5F503C /* [CP] Check Pods Manifest.lock */,
				2A55DEF320244F0400B7E4E8 /* Sources */,
				2A55DEF420244F0400B7E4E8 /* Frameworks */,
				2A55DEF520244F0400B7E4E8 /* Resources */,
				60410FC22CBBC310730D5779 /* [CP] Embed Pods Frameworks */,
				6AD957128EBC711504222878 /* [CP] Copy Pods Resources */,
			);
			buildRules = (
			);
			dependencies = (
			);
			name = scantest;
			productName = scantest;
			productReference = 2A55DEF720244F0400B7E4E8 /* scantest.app */;
			productType = "com.apple.product-type.application";
		};
/* End PBXNativeTarget section */

/* Begin PBXProject section */
		2A55DEEF20244F0300B7E4E8 /* Project object */ = {
			isa = PBXProject;
			attributes = {
				LastSwiftUpdateCheck = 0920;
				LastUpgradeCheck = 0920;
				ORGANIZATIONNAME = nearhop;
				TargetAttributes = {
					2A55DEF620244F0400B7E4E8 = {
						CreatedOnToolsVersion = 9.2;
						ProvisioningStyle = Automatic;
					};
				};
			};
			buildConfigurationList = 2A55DEF220244F0300B7E4E8 /* Build configuration list for PBXProject "scantest" */;
			compatibilityVersion = "Xcode 8.0";
			developmentRegion = en;
			hasScannedForEncodings = 0;
			knownRegions = (
				en,
				Base,
			);
			mainGroup = 2A55DEEE20244F0300B7E4E8;
			productRefGroup = 2A55DEF820244F0400B7E4E8 /* Products */;
			projectDirPath = "";
			projectRoot = "";
			targets = (
				2A55DEF620244F0400B7E4E8 /* scantest */,
			);
		};
/* End PBXProject section */

/* Begin PBXResourcesBuildPhase section */
		2A55DEF520244F0400B7E4E8 /* Resources */ = {
			isa = PBXResourcesBuildPhase;
			buildActionMask = 2147483647;
			files = (
				2A55DF0820244F0400B7E4E8 /* LaunchScreen.storyboard in Resources */,
				2A55DF0520244F0400B7E4E8 /* Assets.xcassets in Resources */,
				2A55DF0020244F0400B7E4E8 /* Main.storyboard in Resources */,
			);
			runOnlyForDeploymentPostprocessing = 0;
		};
/* End PBXResourcesBuildPhase section */

/* Begin PBXShellScriptBuildPhase section */
		60410FC22CBBC310730D5779 /* [CP] Embed Pods Frameworks */ = {
			isa = PBXShellScriptBuildPhase;
			buildActionMask = 2147483647;
			files = (
			);
			inputPaths = (
				"${SRCROOT}/Pods/Target Support Files/Pods-scantest/Pods-scantest-frameworks.sh",
				"${BUILT_PRODUCTS_DIR}/PKHUD/PKHUD.framework",
			);
			name = "[CP] Embed Pods Frameworks";
			outputPaths = (
				"${TARGET_BUILD_DIR}/${FRAMEWORKS_FOLDER_PATH}/PKHUD.framework",
			);
			runOnlyForDeploymentPostprocessing = 0;
			shellPath = /bin/sh;
			shellScript = "\"${SRCROOT}/Pods/Target Support Files/Pods-scantest/Pods-scantest-frameworks.sh\"\n";
			showEnvVarsInLog = 0;
		};
		6AD957128EBC711504222878 /* [CP] Copy Pods Resources */ = {
			isa = PBXShellScriptBuildPhase;
			buildActionMask = 2147483647;
			files = (
			);
			inputPaths = (
			);
			name = "[CP] Copy Pods Resources";
			outputPaths = (
			);
			runOnlyForDeploymentPostprocessing = 0;
			shellPath = /bin/sh;
			shellScript = "\"${SRCROOT}/Pods/Target Support Files/Pods-scantest/Pods-scantest-resources.sh\"\n";
			showEnvVarsInLog = 0;
		};
		EBA567DB9E385310ED5F503C /* [CP] Check Pods Manifest.lock */ = {
			isa = PBXShellScriptBuildPhase;
			buildActionMask = 2147483647;
			files = (
			);
			inputPaths = (
				"${PODS_PODFILE_DIR_PATH}/Podfile.lock",
				"${PODS_ROOT}/Manifest.lock",
			);
			name = "[CP] Check Pods Manifest.lock";
			outputPaths = (
				"$(DERIVED_FILE_DIR)/Pods-scantest-checkManifestLockResult.txt",
			);
			runOnlyForDeploymentPostprocessing = 0;
			shellPath = /bin/sh;
			shellScript = "diff \"${PODS_PODFILE_DIR_PATH}/Podfile.lock\" \"${PODS_ROOT}/Manifest.lock\" > /dev/null\nif [ $? != 0 ] ; then\n    # print error to STDERR\n    echo \"error: The sandbox is not in sync with the Podfile.lock. Run 'pod install' or update your CocoaPods installation.\" >&2\n    exit 1\nfi\n# This output is used by Xcode 'outputs' to avoid re-running this script phase.\necho \"SUCCESS\" > \"${SCRIPT_OUTPUT_FILE_0}\"\n";
			showEnvVarsInLog = 0;
		};
/* End PBXShellScriptBuildPhase section */

/* Begin PBXSourcesBuildPhase section */
		2A55DEF320244F0400B7E4E8 /* Sources */ = {
			isa = PBXSourcesBuildPhase;
			buildActionMask = 2147483647;
			files = (
				2A55DEFD20244F0400B7E4E8 /* MainViewController.swift in Sources */,
				2A55DEFB20244F0400B7E4E8 /* AppDelegate.swift in Sources */,
				2A55DF0320244F0400B7E4E8 /* scantest.xcdatamodeld in Sources */,
			);
			runOnlyForDeploymentPostprocessing = 0;
		};
/* End PBXSourcesBuildPhase section */

/* Begin PBXVariantGroup section */
		2A55DEFE20244F0400B7E4E8 /* Main.storyboard */ = {
			isa = PBXVariantGroup;
			children = (
				2A55DEFF20244F0400B7E4E8 /* Base */,
			);
			name = Main.storyboard;
			sourceTree = "<group>";
		};
		2A55DF0620244F0400B7E4E8 /* LaunchScreen.storyboard */ = {
			isa = PBXVariantGroup;
			children = (
				2A55DF0720244F0400B7E4E8 /* Base */,
			);
			name = LaunchScreen.storyboard;
			sourceTree = "<group>";
		};
/* End PBXVariantGroup section */

/* Begin XCBuildConfiguration section */
		2A55DF0A20244F0400B7E4E8 /* Debug */ = {
			isa = XCBuildConfiguration;
			buildSettings = {
				ALWAYS_SEARCH_USER_PATHS = NO;
				CLANG_ANALYZER_NONNULL = YES;
				CLANG_ANALYZER_NUMBER_OBJECT_CONVERSION = YES_AGGRESSIVE;
				CLANG_CXX_LANGUAGE_STANDARD = "gnu++14";
				CLANG_CXX_LIBRARY = "libc++";
				CLANG_ENABLE_MODULES = YES;
				CLANG_ENABLE_OBJC_ARC = YES;
				CLANG_WARN_BLOCK_CAPTURE_AUTORELEASING = YES;
				CLANG_WARN_BOOL_CONVERSION = YES;
				CLANG_WARN_COMMA = YES;
				CLANG_WARN_CONSTANT_CONVERSION = YES;
				CLANG_WARN_DIRECT_OBJC_ISA_USAGE = YES_ERROR;
				CLANG_WARN_DOCUMENTATION_COMMENTS = YES;
				CLANG_WARN_EMPTY_BODY = YES;
				CLANG_WARN_ENUM_CONVERSION = YES;
				CLANG_WARN_INFINITE_RECURSION = YES;
				CLANG_WARN_INT_CONVERSION = YES;
				CLANG_WARN_NON_LITERAL_NULL_CONVERSION = YES;
				CLANG_WARN_OBJC_LITERAL_CONVERSION = YES;
				CLANG_WARN_OBJC_ROOT_CLASS = YES_ERROR;
				CLANG_WARN_RANGE_LOOP_ANALYSIS = YES;
				CLANG_WARN_STRICT_PROTOTYPES = YES;
				CLANG_WARN_SUSPICIOUS_MOVE = YES;
				CLANG_WARN_UNGUARDED_AVAILABILITY = YES_AGGRESSIVE;
				CLANG_WARN_UNREACHABLE_CODE = YES;
				CLANG_WARN__DUPLICATE_METHOD_MATCH = YES;
				CODE_SIGN_IDENTITY = "iPhone Developer";
				COPY_PHASE_STRIP = NO;
				DEBUG_INFORMATION_FORMAT = dwarf;
				ENABLE_STRICT_OBJC_MSGSEND = YES;
				ENABLE_TESTABILITY = YES;
				GCC_C_LANGUAGE_STANDARD = gnu11;
				GCC_DYNAMIC_NO_PIC = NO;
				GCC_NO_COMMON_BLOCKS = YES;
				GCC_OPTIMIZATION_LEVEL = 0;
				GCC_PREPROCESSOR_DEFINITIONS = (
					"DEBUG=1",
					"$(inherited)",
				);
				GCC_WARN_64_TO_32_BIT_CONVERSION = YES;
				GCC_WARN_ABOUT_RETURN_TYPE = YES_ERROR;
				GCC_WARN_UNDECLARED_SELECTOR = YES;
				GCC_WARN_UNINITIALIZED_AUTOS = YES_AGGRESSIVE;
				GCC_WARN_UNUSED_FUNCTION = YES;
				GCC_WARN_UNUSED_VARIABLE = YES;
				IPHONEOS_DEPLOYMENT_TARGET = 11.2;
				MTL_ENABLE_DEBUG_INFO = YES;
				ONLY_ACTIVE_ARCH = YES;
				SDKROOT = iphoneos;
				SWIFT_ACTIVE_COMPILATION_CONDITIONS = DEBUG;
				SWIFT_OPTIMIZATION_LEVEL = "-Onone";
			};
			name = Debug;
		};
		2A55DF0B20244F0400B7E4E8 /* Release */ = {
			isa = XCBuildConfiguration;
			buildSettings = {
				ALWAYS_SEARCH_USER_PATHS = NO;
				CLANG_ANALYZER_NONNULL = YES;
				CLANG_ANALYZER_NUMBER_OBJECT_CONVERSION = YES_AGGRESSIVE;
				CLANG_CXX_LANGUAGE_STANDARD = "gnu++14";
				CLANG_CXX_LIBRARY = "libc++";
				CLANG_ENABLE_MODULES = YES;
				CLANG_ENABLE_OBJC_ARC = YES;
				CLANG_WARN_BLOCK_CAPTURE_AUTORELEASING = YES;
				CLANG_WARN_BOOL_CONVERSION = YES;
				CLANG_WARN_COMMA = YES;
				CLANG_WARN_CONSTANT_CONVERSION = YES;
				CLANG_WARN_DIRECT_OBJC_ISA_USAGE = YES_ERROR;
				CLANG_WARN_DOCUMENTATION_COMMENTS = YES;
				CLANG_WARN_EMPTY_BODY = YES;
				CLANG_WARN_ENUM_CONVERSION = YES;
				CLANG_WARN_INFINITE_RECURSION = YES;
				CLANG_WARN_INT_CONVERSION = YES;
				CLANG_WARN_NON_LITERAL_NULL_CONVERSION = YES;
				CLANG_WARN_OBJC_LITERAL_CONVERSION = YES;
				CLANG_WARN_OBJC_ROOT_CLASS = YES_ERROR;
				CLANG_WARN_RANGE_LOOP_ANALYSIS = YES;
				CLANG_WARN_STRICT_PROTOTYPES = YES;
				CLANG_WARN_SUSPICIOUS_MOVE = YES;
				CLANG_WARN_UNGUARDED_AVAILABILITY = YES_AGGRESSIVE;
				CLANG_WARN_UNREACHABLE_CODE = YES;
				CLANG_WARN__DUPLICATE_METHOD_MATCH = YES;
				CODE_SIGN_IDENTITY = "iPhone Developer";
				COPY_PHASE_STRIP = NO;
				DEBUG_INFORMATION_FORMAT = "dwarf-with-dsym";
				ENABLE_NS_ASSERTIONS = NO;
				ENABLE_STRICT_OBJC_MSGSEND = YES;
				GCC_C_LANGUAGE_STANDARD = gnu11;
				GCC_NO_COMMON_BLOCKS = YES;
				GCC_WARN_64_TO_32_BIT_CONVERSION = YES;
				GCC_WARN_ABOUT_RETURN_TYPE = YES_ERROR;
				GCC_WARN_UNDECLARED_SELECTOR = YES;
				GCC_WARN_UNINITIALIZED_AUTOS = YES_AGGRESSIVE;
				GCC_WARN_UNUSED_FUNCTION = YES;
				GCC_WARN_UNUSED_VARIABLE = YES;
				IPHONEOS_DEPLOYMENT_TARGET = 11.2;
				MTL_ENABLE_DEBUG_INFO = NO;
				SDKROOT = iphoneos;
				SWIFT_OPTIMIZATION_LEVEL = "-Owholemodule";
				VALIDATE_PRODUCT = YES;
			};
			name = Release;
		};
		2A55DF0D20244F0400B7E4E8 /* Debug */ = {
			isa = XCBuildConfiguration;
			baseConfigurationReference = 54967D7B28572EB3DDDACD68 /* Pods-scantest.debug.xcconfig */;
			buildSettings = {
				ASSETCATALOG_COMPILER_APPICON_NAME = AppIcon;
				CODE_SIGN_STYLE = Automatic;
				DEVELOPMENT_TEAM = JAWB2S5NHB;
				INFOPLIST_FILE = scantest/Info.plist;
				IPHONEOS_DEPLOYMENT_TARGET = 9.0;
				LD_RUNPATH_SEARCH_PATHS = "$(inherited) @executable_path/Frameworks";
				PRODUCT_BUNDLE_IDENTIFIER = com.nearhop.scantest;
				PRODUCT_NAME = "$(TARGET_NAME)";
				SWIFT_VERSION = 4.0;
				TARGETED_DEVICE_FAMILY = "1,2";
			};
			name = Debug;
		};
		2A55DF0E20244F0400B7E4E8 /* Release */ = {
			isa = XCBuildConfiguration;
			baseConfigurationReference = C4345E63922963DDD0AEDFA8 /* Pods-scantest.release.xcconfig */;
			buildSettings = {
				ASSETCATALOG_COMPILER_APPICON_NAME = AppIcon;
				CODE_SIGN_STYLE = Automatic;
				DEVELOPMENT_TEAM = JAWB2S5NHB;
				INFOPLIST_FILE = scantest/Info.plist;
				IPHONEOS_DEPLOYMENT_TARGET = 9.0;
				LD_RUNPATH_SEARCH_PATHS = "$(inherited) @executable_path/Frameworks";
				PRODUCT_BUNDLE_IDENTIFIER = com.nearhop.scantest;
				PRODUCT_NAME = "$(TARGET_NAME)";
				SWIFT_VERSION = 4.0;
				TARGETED_DEVICE_FAMILY = "1,2";
			};
			name = Release;
		};
/* End XCBuildConfiguration section */

/* Begin XCConfigurationList section */
		2A55DEF220244F0300B7E4E8 /* Build configuration list for PBXProject "scantest" */ = {
			isa = XCConfigurationList;
			buildConfigurations = (
				2A55DF0A20244F0400B7E4E8 /* Debug */,
				2A55DF0B20244F0400B7E4E8 /* Release */,
			);
			defaultConfigurationIsVisible = 0;
			defaultConfigurationName = Release;
		};
		2A55DF0C20244F0400B7E4E8 /* Build configuration list for PBXNativeTarget "scantest" */ = {
			isa = XCConfigurationList;
			buildConfigurations = (
				2A55DF0D20244F0400B7E4E8 /* Debug */,
				2A55DF0E20244F0400B7E4E8 /* Release */,
			);
			defaultConfigurationIsVisible = 0;
			defaultConfigurationName = Release;
		};
/* End XCConfigurationList section */

/* Begin XCVersionGroup section */
		2A55DF0120244F0400B7E4E8 /* scantest.xcdatamodeld */ = {
			isa = XCVersionGroup;
			children = (
				2A55DF0220244F0400B7E4E8 /* scantest.xcdatamodel */,
			);
			currentVersion = 2A55DF0220244F0400B7E4E8 /* scantest.xcdatamodel */;
			path = scantest.xcdatamodeld;
			sourceTree = "<group>";
			versionGroupType = wrapper.xcdatamodel;
		};
/* End XCVersionGroup section */
	};
	rootObject = 2A55DEEF20244F0300B7E4E8 /* Project object */;
}
